// !$*UTF8*$!
{
	archiveVersion = 1;
	classes = {
	};
	objectVersion = 50;
	objects = {

/* Begin PBXBuildFile section */
		1C985E8A7FE547DE95A059C1 /* libPods-Space Rescuer.a in Frameworks */ = {isa = PBXBuildFile; fileRef = 0D174F04CC9428A11D76158F /* libPods-Space Rescuer.a */; };
		49C8B63D2D73708600416601 /* InfoView.swift in Sources */ = {isa = PBXBuildFile; fileRef = 49C8B63C2D73708400416601 /* InfoView.swift */; };
		49C8B6402D73735700416601 /* InfoViewController.swift in Sources */ = {isa = PBXBuildFile; fileRef = 49C8B63F2D73735200416601 /* InfoViewController.swift */; };
		49C8B6432D73756D00416601 /* GameDifficulty.swift in Sources */ = {isa = PBXBuildFile; fileRef = 49C8B6422D73756600416601 /* GameDifficulty.swift */; };
		49C8B6462D7379B400416601 /* MaxCountStorage.swift in Sources */ = {isa = PBXBuildFile; fileRef = 49C8B6452D7379B400416601 /* MaxCountStorage.swift */; };
		D25A363226B58CE100410F06 /* AppDelegate.swift in Sources */ = {isa = PBXBuildFile; fileRef = D25A363126B58CE100410F06 /* AppDelegate.swift */; };
		D25A363426B58CE100410F06 /* GameScene.sks in Resources */ = {isa = PBXBuildFile; fileRef = D25A363326B58CE100410F06 /* GameScene.sks */; };
		D25A363826B58CE100410F06 /* GameScene.swift in Sources */ = {isa = PBXBuildFile; fileRef = D25A363726B58CE100410F06 /* GameScene.swift */; };
		D25A363A26B58CE100410F06 /* GameViewController.swift in Sources */ = {isa = PBXBuildFile; fileRef = D25A363926B58CE100410F06 /* GameViewController.swift */; };
		D25A363F26B58CE300410F06 /* Assets.xcassets in Resources */ = {isa = PBXBuildFile; fileRef = D25A363E26B58CE300410F06 /* Assets.xcassets */; };
		D25A366726B58F1300410F06 /* Launch Screen.storyboard in Resources */ = {isa = PBXBuildFile; fileRef = D25A366626B58F1300410F06 /* Launch Screen.storyboard */; };
		D25A366A26B5964C00410F06 /* Constants.swift in Sources */ = {isa = PBXBuildFile; fileRef = D25A366926B5964C00410F06 /* Constants.swift */; };
		D25A367126B5CB4A00410F06 /* GameViewModel.swift in Sources */ = {isa = PBXBuildFile; fileRef = D25A367026B5CB4A00410F06 /* GameViewModel.swift */; };
		D25A367726B5CE4200410F06 /* Stars.sks in Resources */ = {isa = PBXBuildFile; fileRef = D25A367626B5CE4200410F06 /* Stars.sks */; };
		D25A367D26B6941600410F06 /* SpaceShip.swift in Sources */ = {isa = PBXBuildFile; fileRef = D25A367C26B6941600410F06 /* SpaceShip.swift */; };
		D25A367F26B69BAE00410F06 /* Meteor.swift in Sources */ = {isa = PBXBuildFile; fileRef = D25A367E26B69BAE00410F06 /* Meteor.swift */; };
		D25A368326B6C14900410F06 /* Astronaut.swift in Sources */ = {isa = PBXBuildFile; fileRef = D25A368226B6C14800410F06 /* Astronaut.swift */; };
		D25A368726B6D1C400410F06 /* GameViewModelProtocol.swift in Sources */ = {isa = PBXBuildFile; fileRef = D25A368626B6D1C400410F06 /* GameViewModelProtocol.swift */; };
		D25A368B26B6D99A00410F06 /* Georama-VariableFont_wdth,wght.ttf in Resources */ = {isa = PBXBuildFile; fileRef = D25A368826B6D85600410F06 /* Georama-VariableFont_wdth,wght.ttf */; };
		D25A368F26B6EAC800410F06 /* ScoreView.swift in Sources */ = {isa = PBXBuildFile; fileRef = D25A368E26B6EAC800410F06 /* ScoreView.swift */; };
		D25A369126B6EEA700410F06 /* MenuView.swift in Sources */ = {isa = PBXBuildFile; fileRef = D25A369026B6EEA700410F06 /* MenuView.swift */; };
		D25A369426B6EEEE00410F06 /* MenuViewDelegate.swift in Sources */ = {isa = PBXBuildFile; fileRef = D25A369326B6EEEE00410F06 /* MenuViewDelegate.swift */; };
		D2AA0FBC26B8035700BD9F3C /* GameSceneProtocol.swift in Sources */ = {isa = PBXBuildFile; fileRef = D2AA0FBB26B8035700BD9F3C /* GameSceneProtocol.swift */; };
		E26B42FB2880839400FE6E59 /* GameEvent.swift in Sources */ = {isa = PBXBuildFile; fileRef = E26B42FA2880839400FE6E59 /* GameEvent.swift */; };
/* End PBXBuildFile section */

/* Begin PBXFileReference section */
		0D174F04CC9428A11D76158F /* libPods-Space Rescuer.a */ = {isa = PBXFileReference; explicitFileType = archive.ar; includeInIndex = 0; path = "libPods-Space Rescuer.a"; sourceTree = BUILT_PRODUCTS_DIR; };
		299D9F1C002F4E763AD6B373 /* Pods-Space Rescuer.debug.xcconfig */ = {isa = PBXFileReference; includeInIndex = 1; lastKnownFileType = text.xcconfig; name = "Pods-Space Rescuer.debug.xcconfig"; path = "Target Support Files/Pods-Space Rescuer/Pods-Space Rescuer.debug.xcconfig"; sourceTree = "<group>"; };
		49C8B63C2D73708400416601 /* InfoView.swift */ = {isa = PBXFileReference; lastKnownFileType = sourcecode.swift; path = InfoView.swift; sourceTree = "<group>"; };
		49C8B63F2D73735200416601 /* InfoViewController.swift */ = {isa = PBXFileReference; lastKnownFileType = sourcecode.swift; path = InfoViewController.swift; sourceTree = "<group>"; };
		49C8B6422D73756600416601 /* GameDifficulty.swift */ = {isa = PBXFileReference; lastKnownFileType = sourcecode.swift; path = GameDifficulty.swift; sourceTree = "<group>"; };
		49C8B6452D7379B400416601 /* MaxCountStorage.swift */ = {isa = PBXFileReference; lastKnownFileType = sourcecode.swift; path = MaxCountStorage.swift; sourceTree = "<group>"; };
		4CF776D00CE6F07736F9615D /* Pods-Space Rescuer.release.xcconfig */ = {isa = PBXFileReference; includeInIndex = 1; lastKnownFileType = text.xcconfig; name = "Pods-Space Rescuer.release.xcconfig"; path = "Target Support Files/Pods-Space Rescuer/Pods-Space Rescuer.release.xcconfig"; sourceTree = "<group>"; };
		D25A362E26B58CE100410F06 /* Space Rescuer.app */ = {isa = PBXFileReference; explicitFileType = wrapper.application; includeInIndex = 0; path = "Space Rescuer.app"; sourceTree = BUILT_PRODUCTS_DIR; };
		D25A363126B58CE100410F06 /* AppDelegate.swift */ = {isa = PBXFileReference; lastKnownFileType = sourcecode.swift; path = AppDelegate.swift; sourceTree = "<group>"; };
		D25A363326B58CE100410F06 /* GameScene.sks */ = {isa = PBXFileReference; lastKnownFileType = file.sks; path = GameScene.sks; sourceTree = "<group>"; };
		D25A363726B58CE100410F06 /* GameScene.swift */ = {isa = PBXFileReference; lastKnownFileType = sourcecode.swift; path = GameScene.swift; sourceTree = "<group>"; };
		D25A363926B58CE100410F06 /* GameViewController.swift */ = {isa = PBXFileReference; lastKnownFileType = sourcecode.swift; path = GameViewController.swift; sourceTree = "<group>"; };
		D25A363E26B58CE300410F06 /* Assets.xcassets */ = {isa = PBXFileReference; lastKnownFileType = folder.assetcatalog; path = Assets.xcassets; sourceTree = "<group>"; };
		D25A364026B58CE300410F06 /* Info.plist */ = {isa = PBXFileReference; lastKnownFileType = text.plist.xml; path = Info.plist; sourceTree = "<group>"; };
		D25A366626B58F1300410F06 /* Launch Screen.storyboard */ = {isa = PBXFileReference; lastKnownFileType = file.storyboard; path = "Launch Screen.storyboard"; sourceTree = "<group>"; };
		D25A366926B5964C00410F06 /* Constants.swift */ = {isa = PBXFileReference; lastKnownFileType = sourcecode.swift; path = Constants.swift; sourceTree = "<group>"; };
		D25A367026B5CB4A00410F06 /* GameViewModel.swift */ = {isa = PBXFileReference; lastKnownFileType = sourcecode.swift; path = GameViewModel.swift; sourceTree = "<group>"; };
		D25A367626B5CE4200410F06 /* Stars.sks */ = {isa = PBXFileReference; lastKnownFileType = file.sks; path = Stars.sks; sourceTree = "<group>"; };
		D25A367C26B6941600410F06 /* SpaceShip.swift */ = {isa = PBXFileReference; lastKnownFileType = sourcecode.swift; path = SpaceShip.swift; sourceTree = "<group>"; };
		D25A367E26B69BAE00410F06 /* Meteor.swift */ = {isa = PBXFileReference; lastKnownFileType = sourcecode.swift; path = Meteor.swift; sourceTree = "<group>"; };
		D25A368226B6C14800410F06 /* Astronaut.swift */ = {isa = PBXFileReference; lastKnownFileType = sourcecode.swift; path = Astronaut.swift; sourceTree = "<group>"; };
		D25A368626B6D1C400410F06 /* GameViewModelProtocol.swift */ = {isa = PBXFileReference; lastKnownFileType = sourcecode.swift; path = GameViewModelProtocol.swift; sourceTree = "<group>"; };
		D25A368826B6D85600410F06 /* Georama-VariableFont_wdth,wght.ttf */ = {isa = PBXFileReference; lastKnownFileType = file; path = "Georama-VariableFont_wdth,wght.ttf"; sourceTree = "<group>"; };
		D25A368E26B6EAC800410F06 /* ScoreView.swift */ = {isa = PBXFileReference; lastKnownFileType = sourcecode.swift; path = ScoreView.swift; sourceTree = "<group>"; };
		D25A369026B6EEA700410F06 /* MenuView.swift */ = {isa = PBXFileReference; lastKnownFileType = sourcecode.swift; path = MenuView.swift; sourceTree = "<group>"; };
		D25A369326B6EEEE00410F06 /* MenuViewDelegate.swift */ = {isa = PBXFileReference; lastKnownFileType = sourcecode.swift; path = MenuViewDelegate.swift; sourceTree = "<group>"; };
		D2AA0FBB26B8035700BD9F3C /* GameSceneProtocol.swift */ = {isa = PBXFileReference; fileEncoding = 4; lastKnownFileType = sourcecode.swift; path = GameSceneProtocol.swift; sourceTree = "<group>"; };
		E26B42FA2880839400FE6E59 /* GameEvent.swift */ = {isa = PBXFileReference; lastKnownFileType = sourcecode.swift; path = GameEvent.swift; sourceTree = "<group>"; };
/* End PBXFileReference section */

/* Begin PBXFrameworksBuildPhase section */
		D25A362B26B58CE100410F06 /* Frameworks */ = {
			isa = PBXFrameworksBuildPhase;
			buildActionMask = 2147483647;
			files = (
				1C985E8A7FE547DE95A059C1 /* libPods-Space Rescuer.a in Frameworks */,
			);
			runOnlyForDeploymentPostprocessing = 0;
		};
/* End PBXFrameworksBuildPhase section */

/* Begin PBXGroup section */
		09837989C93C452DC80AAB08 /* Pods */ = {
			isa = PBXGroup;
			children = (
				299D9F1C002F4E763AD6B373 /* Pods-Space Rescuer.debug.xcconfig */,
				4CF776D00CE6F07736F9615D /* Pods-Space Rescuer.release.xcconfig */,
			);
			path = Pods;
			sourceTree = "<group>";
		};
		49C8B6392D736F4700416601 /* Game */ = {
			isa = PBXGroup;
			children = (
				D2AA0FB426B7BD6300BD9F3C /* Model */,
				D25A367426B5CBAF00410F06 /* View */,
				D25A366426B58EBF00410F06 /* ViewModel */,
			);
			path = Game;
			sourceTree = "<group>";
		};
		49C8B63A2D736F5000416601 /* Info view */ = {
			isa = PBXGroup;
			children = (
				49C8B63F2D73735200416601 /* InfoViewController.swift */,
				49C8B63C2D73708400416601 /* InfoView.swift */,
			);
			path = "Info view";
			sourceTree = "<group>";
		};
		49C8B63B2D736F6E00416601 /* Menu view */ = {
			isa = PBXGroup;
			children = (
				D25A366526B58EFC00410F06 /* View */,
			);
			path = "Menu view";
			sourceTree = "<group>";
		};
		49C8B6412D7374FC00416601 /* Difficulty */ = {
			isa = PBXGroup;
			children = (
				49C8B6422D73756600416601 /* GameDifficulty.swift */,
			);
			path = Difficulty;
			sourceTree = "<group>";
		};
		4BD348A79FA2C5F345EF9CE0 /* Frameworks */ = {
			isa = PBXGroup;
			children = (
				0D174F04CC9428A11D76158F /* libPods-Space Rescuer.a */,
			);
			name = Frameworks;
			sourceTree = "<group>";
		};
		D25A362526B58CE100410F06 = {
			isa = PBXGroup;
			children = (
				D25A363026B58CE100410F06 /* Space Rescuer */,
				D25A362F26B58CE100410F06 /* Products */,
				09837989C93C452DC80AAB08 /* Pods */,
				4BD348A79FA2C5F345EF9CE0 /* Frameworks */,
			);
			sourceTree = "<group>";
		};
		D25A362F26B58CE100410F06 /* Products */ = {
			isa = PBXGroup;
			children = (
				D25A362E26B58CE100410F06 /* Space Rescuer.app */,
			);
			name = Products;
			sourceTree = "<group>";
		};
		D25A363026B58CE100410F06 /* Space Rescuer */ = {
			isa = PBXGroup;
			children = (
				D25A366226B58DFA00410F06 /* App */,
				49C8B63B2D736F6E00416601 /* Menu view */,
				49C8B63A2D736F5000416601 /* Info view */,
				49C8B6392D736F4700416601 /* Game */,
				D25A368C26B6DC3300410F06 /* Supporting Files */,
				D25A364026B58CE300410F06 /* Info.plist */,
			);
			path = "Space Rescuer";
			sourceTree = "<group>";
		};
		D25A366226B58DFA00410F06 /* App */ = {
			isa = PBXGroup;
			children = (
				D25A363126B58CE100410F06 /* AppDelegate.swift */,
			);
			path = App;
			sourceTree = "<group>";
		};
		D25A366326B58EAB00410F06 /* Scene */ = {
			isa = PBXGroup;
			children = (
				D2AA0FBB26B8035700BD9F3C /* GameSceneProtocol.swift */,
				D25A367526B5CBBE00410F06 /* Scenes */,
			);
			path = Scene;
			sourceTree = "<group>";
		};
		D25A366426B58EBF00410F06 /* ViewModel */ = {
			isa = PBXGroup;
			children = (
				D25A367026B5CB4A00410F06 /* GameViewModel.swift */,
				D25A368626B6D1C400410F06 /* GameViewModelProtocol.swift */,
			);
			path = ViewModel;
			sourceTree = "<group>";
		};
		D25A366526B58EFC00410F06 /* View */ = {
			isa = PBXGroup;
			children = (
				D25A368D26B6EAA000410F06 /* SubViews */,
				D25A369226B6EED500410F06 /* Protocols */,
				D25A366626B58F1300410F06 /* Launch Screen.storyboard */,
			);
			path = View;
			sourceTree = "<group>";
		};
		D25A367426B5CBAF00410F06 /* View */ = {
			isa = PBXGroup;
			children = (
				D25A363926B58CE100410F06 /* GameViewController.swift */,
			);
			path = View;
			sourceTree = "<group>";
		};
		D25A367526B5CBBE00410F06 /* Scenes */ = {
			isa = PBXGroup;
			children = (
				D25A367626B5CE4200410F06 /* Stars.sks */,
				D25A363326B58CE100410F06 /* GameScene.sks */,
				D25A363726B58CE100410F06 /* GameScene.swift */,
			);
			path = Scenes;
			sourceTree = "<group>";
		};
		D25A367B26B693E700410F06 /* Nodes */ = {
			isa = PBXGroup;
			children = (
				D25A367C26B6941600410F06 /* SpaceShip.swift */,
				D25A367E26B69BAE00410F06 /* Meteor.swift */,
				D25A368226B6C14800410F06 /* Astronaut.swift */,
			);
			path = Nodes;
			sourceTree = "<group>";
		};
		D25A368C26B6DC3300410F06 /* Supporting Files */ = {
			isa = PBXGroup;
			children = (
				D25A366926B5964C00410F06 /* Constants.swift */,
				D25A368826B6D85600410F06 /* Georama-VariableFont_wdth,wght.ttf */,
				D25A363E26B58CE300410F06 /* Assets.xcassets */,
			);
			path = "Supporting Files";
			sourceTree = "<group>";
		};
		D25A368D26B6EAA000410F06 /* SubViews */ = {
			isa = PBXGroup;
			children = (
				D25A368E26B6EAC800410F06 /* ScoreView.swift */,
				D25A369026B6EEA700410F06 /* MenuView.swift */,
			);
			path = SubViews;
			sourceTree = "<group>";
		};
		D25A369226B6EED500410F06 /* Protocols */ = {
			isa = PBXGroup;
			children = (
				D25A369326B6EEEE00410F06 /* MenuViewDelegate.swift */,
			);
			path = Protocols;
			sourceTree = "<group>";
		};
		D2AA0FB426B7BD6300BD9F3C /* Model */ = {
			isa = PBXGroup;
			children = (
				E26B42FA2880839400FE6E59 /* GameEvent.swift */,
				49C8B6452D7379B400416601 /* MaxCountStorage.swift */,
				49C8B6412D7374FC00416601 /* Difficulty */,
				D25A367B26B693E700410F06 /* Nodes */,
				D25A366326B58EAB00410F06 /* Scene */,
			);
			path = Model;
			sourceTree = "<group>";
		};
/* End PBXGroup section */

/* Begin PBXNativeTarget section */
		D25A362D26B58CE100410F06 /* Space Rescuer */ = {
			isa = PBXNativeTarget;
			buildConfigurationList = D25A365926B58CE300410F06 /* Build configuration list for PBXNativeTarget "Space Rescuer" */;
			buildPhases = (
				4DA9E4C7E10CD4E0859AB043 /* [CP] Check Pods Manifest.lock */,
				D25A362A26B58CE100410F06 /* Sources */,
				D25A362B26B58CE100410F06 /* Frameworks */,
				D25A362C26B58CE100410F06 /* Resources */,
			);
			buildRules = (
			);
			dependencies = (
			);
			name = "Space Rescuer";
			productName = "Space Rescuer";
			productReference = D25A362E26B58CE100410F06 /* Space Rescuer.app */;
			productType = "com.apple.product-type.application";
		};
/* End PBXNativeTarget section */

/* Begin PBXProject section */
		D25A362626B58CE100410F06 /* Project object */ = {
			isa = PBXProject;
			attributes = {
				LastSwiftUpdateCheck = 1250;
				LastUpgradeCheck = 1250;
				TargetAttributes = {
					D25A362D26B58CE100410F06 = {
						CreatedOnToolsVersion = 12.5.1;
					};
				};
			};
			buildConfigurationList = D25A362926B58CE100410F06 /* Build configuration list for PBXProject "Space Rescuer" */;
			compatibilityVersion = "Xcode 9.3";
			developmentRegion = en;
			hasScannedForEncodings = 0;
			knownRegions = (
				en,
				Base,
			);
			mainGroup = D25A362526B58CE100410F06;
			productRefGroup = D25A362F26B58CE100410F06 /* Products */;
			projectDirPath = "";
			projectRoot = "";
			targets = (
				D25A362D26B58CE100410F06 /* Space Rescuer */,
			);
		};
/* End PBXProject section */

/* Begin PBXResourcesBuildPhase section */
		D25A362C26B58CE100410F06 /* Resources */ = {
			isa = PBXResourcesBuildPhase;
			buildActionMask = 2147483647;
			files = (
				D25A368B26B6D99A00410F06 /* Georama-VariableFont_wdth,wght.ttf in Resources */,
				D25A363426B58CE100410F06 /* GameScene.sks in Resources */,
				D25A367726B5CE4200410F06 /* Stars.sks in Resources */,
				D25A363F26B58CE300410F06 /* Assets.xcassets in Resources */,
				D25A366726B58F1300410F06 /* Launch Screen.storyboard in Resources */,
			);
			runOnlyForDeploymentPostprocessing = 0;
		};
/* End PBXResourcesBuildPhase section */

/* Begin PBXShellScriptBuildPhase section */
		4DA9E4C7E10CD4E0859AB043 /* [CP] Check Pods Manifest.lock */ = {
			isa = PBXShellScriptBuildPhase;
			buildActionMask = 2147483647;
			files = (
			);
			inputFileListPaths = (
			);
			inputPaths = (
				"${PODS_PODFILE_DIR_PATH}/Podfile.lock",
				"${PODS_ROOT}/Manifest.lock",
			);
			name = "[CP] Check Pods Manifest.lock";
			outputFileListPaths = (
			);
			outputPaths = (
				"$(DERIVED_FILE_DIR)/Pods-Space Rescuer-checkManifestLockResult.txt",
			);
			runOnlyForDeploymentPostprocessing = 0;
			shellPath = /bin/sh;
			shellScript = "diff \"${PODS_PODFILE_DIR_PATH}/Podfile.lock\" \"${PODS_ROOT}/Manifest.lock\" > /dev/null\nif [ $? != 0 ] ; then\n    # print error to STDERR\n    echo \"error: The sandbox is not in sync with the Podfile.lock. Run 'pod install' or update your CocoaPods installation.\" >&2\n    exit 1\nfi\n# This output is used by Xcode 'outputs' to avoid re-running this script phase.\necho \"SUCCESS\" > \"${SCRIPT_OUTPUT_FILE_0}\"\n";
			showEnvVarsInLog = 0;
		};
/* End PBXShellScriptBuildPhase section */

/* Begin PBXSourcesBuildPhase section */
		D25A362A26B58CE100410F06 /* Sources */ = {
			isa = PBXSourcesBuildPhase;
			buildActionMask = 2147483647;
			files = (
				D25A368326B6C14900410F06 /* Astronaut.swift in Sources */,
				D25A363826B58CE100410F06 /* GameScene.swift in Sources */,
				D25A368726B6D1C400410F06 /* GameViewModelProtocol.swift in Sources */,
				D25A367F26B69BAE00410F06 /* Meteor.swift in Sources */,
				D25A363A26B58CE100410F06 /* GameViewController.swift in Sources */,
				D2AA0FBC26B8035700BD9F3C /* GameSceneProtocol.swift in Sources */,
				E26B42FB2880839400FE6E59 /* GameEvent.swift in Sources */,
				D25A363226B58CE100410F06 /* AppDelegate.swift in Sources */,
				D25A369126B6EEA700410F06 /* MenuView.swift in Sources */,
				D25A366A26B5964C00410F06 /* Constants.swift in Sources */,
				49C8B6462D7379B400416601 /* MaxCountStorage.swift in Sources */,
				D25A369426B6EEEE00410F06 /* MenuViewDelegate.swift in Sources */,
				D25A368F26B6EAC800410F06 /* ScoreView.swift in Sources */,
				D25A367D26B6941600410F06 /* SpaceShip.swift in Sources */,
				49C8B6432D73756D00416601 /* GameDifficulty.swift in Sources */,
				49C8B63D2D73708600416601 /* InfoView.swift in Sources */,
				49C8B6402D73735700416601 /* InfoViewController.swift in Sources */,
				D25A367126B5CB4A00410F06 /* GameViewModel.swift in Sources */,
			);
			runOnlyForDeploymentPostprocessing = 0;
		};
/* End PBXSourcesBuildPhase section */

/* Begin XCBuildConfiguration section */
		D25A365726B58CE300410F06 /* Debug */ = {
			isa = XCBuildConfiguration;
			buildSettings = {
				ALWAYS_SEARCH_USER_PATHS = NO;
				CLANG_ANALYZER_NONNULL = YES;
				CLANG_ANALYZER_NUMBER_OBJECT_CONVERSION = YES_AGGRESSIVE;
				CLANG_CXX_LANGUAGE_STANDARD = "gnu++14";
				CLANG_CXX_LIBRARY = "libc++";
				CLANG_ENABLE_MODULES = YES;
				CLANG_ENABLE_OBJC_ARC = YES;
				CLANG_ENABLE_OBJC_WEAK = YES;
				CLANG_WARN_BLOCK_CAPTURE_AUTORELEASING = YES;
				CLANG_WARN_BOOL_CONVERSION = YES;
				CLANG_WARN_COMMA = YES;
				CLANG_WARN_CONSTANT_CONVERSION = YES;
				CLANG_WARN_DEPRECATED_OBJC_IMPLEMENTATIONS = YES;
				CLANG_WARN_DIRECT_OBJC_ISA_USAGE = YES_ERROR;
				CLANG_WARN_DOCUMENTATION_COMMENTS = YES;
				CLANG_WARN_EMPTY_BODY = YES;
				CLANG_WARN_ENUM_CONVERSION = YES;
				CLANG_WARN_INFINITE_RECURSION = YES;
				CLANG_WARN_INT_CONVERSION = YES;
				CLANG_WARN_NON_LITERAL_NULL_CONVERSION = YES;
				CLANG_WARN_OBJC_IMPLICIT_RETAIN_SELF = YES;
				CLANG_WARN_OBJC_LITERAL_CONVERSION = YES;
				CLANG_WARN_OBJC_ROOT_CLASS = YES_ERROR;
				CLANG_WARN_QUOTED_INCLUDE_IN_FRAMEWORK_HEADER = YES;
				CLANG_WARN_RANGE_LOOP_ANALYSIS = YES;
				CLANG_WARN_STRICT_PROTOTYPES = YES;
				CLANG_WARN_SUSPICIOUS_MOVE = YES;
				CLANG_WARN_UNGUARDED_AVAILABILITY = YES_AGGRESSIVE;
				CLANG_WARN_UNREACHABLE_CODE = YES;
				CLANG_WARN__DUPLICATE_METHOD_MATCH = YES;
				COPY_PHASE_STRIP = NO;
				DEBUG_INFORMATION_FORMAT = dwarf;
				ENABLE_STRICT_OBJC_MSGSEND = YES;
				ENABLE_TESTABILITY = YES;
				GCC_C_LANGUAGE_STANDARD = gnu11;
				GCC_DYNAMIC_NO_PIC = NO;
				GCC_NO_COMMON_BLOCKS = YES;
				GCC_OPTIMIZATION_LEVEL = 0;
				GCC_PREPROCESSOR_DEFINITIONS = (
					"DEBUG=1",
					"$(inherited)",
				);
				GCC_WARN_64_TO_32_BIT_CONVERSION = YES;
				GCC_WARN_ABOUT_RETURN_TYPE = YES_ERROR;
				GCC_WARN_UNDECLARED_SELECTOR = YES;
				GCC_WARN_UNINITIALIZED_AUTOS = YES_AGGRESSIVE;
				GCC_WARN_UNUSED_FUNCTION = YES;
				GCC_WARN_UNUSED_VARIABLE = YES;
				IPHONEOS_DEPLOYMENT_TARGET = 14.5;
				MTL_ENABLE_DEBUG_INFO = INCLUDE_SOURCE;
				MTL_FAST_MATH = YES;
				ONLY_ACTIVE_ARCH = YES;
				SDKROOT = iphoneos;
				SWIFT_ACTIVE_COMPILATION_CONDITIONS = DEBUG;
				SWIFT_OPTIMIZATION_LEVEL = "-Onone";
			};
			name = Debug;
		};
		D25A365826B58CE300410F06 /* Release */ = {
			isa = XCBuildConfiguration;
			buildSettings = {
				ALWAYS_SEARCH_USER_PATHS = NO;
				CLANG_ANALYZER_NONNULL = YES;
				CLANG_ANALYZER_NUMBER_OBJECT_CONVERSION = YES_AGGRESSIVE;
				CLANG_CXX_LANGUAGE_STANDARD = "gnu++14";
				CLANG_CXX_LIBRARY = "libc++";
				CLANG_ENABLE_MODULES = YES;
				CLANG_ENABLE_OBJC_ARC = YES;
				CLANG_ENABLE_OBJC_WEAK = YES;
				CLANG_WARN_BLOCK_CAPTURE_AUTORELEASING = YES;
				CLANG_WARN_BOOL_CONVERSION = YES;
				CLANG_WARN_COMMA = YES;
				CLANG_WARN_CONSTANT_CONVERSION = YES;
				CLANG_WARN_DEPRECATED_OBJC_IMPLEMENTATIONS = YES;
				CLANG_WARN_DIRECT_OBJC_ISA_USAGE = YES_ERROR;
				CLANG_WARN_DOCUMENTATION_COMMENTS = YES;
				CLANG_WARN_EMPTY_BODY = YES;
				CLANG_WARN_ENUM_CONVERSION = YES;
				CLANG_WARN_INFINITE_RECURSION = YES;
				CLANG_WARN_INT_CONVERSION = YES;
				CLANG_WARN_NON_LITERAL_NULL_CONVERSION = YES;
				CLANG_WARN_OBJC_IMPLICIT_RETAIN_SELF = YES;
				CLANG_WARN_OBJC_LITERAL_CONVERSION = YES;
				CLANG_WARN_OBJC_ROOT_CLASS = YES_ERROR;
				CLANG_WARN_QUOTED_INCLUDE_IN_FRAMEWORK_HEADER = YES;
				CLANG_WARN_RANGE_LOOP_ANALYSIS = YES;
				CLANG_WARN_STRICT_PROTOTYPES = YES;
				CLANG_WARN_SUSPICIOUS_MOVE = YES;
				CLANG_WARN_UNGUARDED_AVAILABILITY = YES_AGGRESSIVE;
				CLANG_WARN_UNREACHABLE_CODE = YES;
				CLANG_WARN__DUPLICATE_METHOD_MATCH = YES;
				COPY_PHASE_STRIP = NO;
				DEBUG_INFORMATION_FORMAT = "dwarf-with-dsym";
				ENABLE_NS_ASSERTIONS = NO;
				ENABLE_STRICT_OBJC_MSGSEND = YES;
				GCC_C_LANGUAGE_STANDARD = gnu11;
				GCC_NO_COMMON_BLOCKS = YES;
				GCC_WARN_64_TO_32_BIT_CONVERSION = YES;
				GCC_WARN_ABOUT_RETURN_TYPE = YES_ERROR;
				GCC_WARN_UNDECLARED_SELECTOR = YES;
				GCC_WARN_UNINITIALIZED_AUTOS = YES_AGGRESSIVE;
				GCC_WARN_UNUSED_FUNCTION = YES;
				GCC_WARN_UNUSED_VARIABLE = YES;
				IPHONEOS_DEPLOYMENT_TARGET = 14.5;
				MTL_ENABLE_DEBUG_INFO = NO;
				MTL_FAST_MATH = YES;
				SDKROOT = iphoneos;
				SWIFT_COMPILATION_MODE = wholemodule;
				SWIFT_OPTIMIZATION_LEVEL = "-O";
				VALIDATE_PRODUCT = YES;
			};
			name = Release;
		};
		D25A365A26B58CE300410F06 /* Debug */ = {
			isa = XCBuildConfiguration;
			baseConfigurationReference = 299D9F1C002F4E763AD6B373 /* Pods-Space Rescuer.debug.xcconfig */;
			buildSettings = {
				ASSETCATALOG_COMPILER_APPICON_NAME = AppIcon;
				ASSETCATALOG_COMPILER_GLOBAL_ACCENT_COLOR_NAME = AccentColor;
				CODE_SIGN_IDENTITY = "Apple Development";
				CODE_SIGN_STYLE = Automatic;
				CURRENT_PROJECT_VERSION = 1;
				DEVELOPMENT_TEAM = CUJ73BXL42;
				INFOPLIST_FILE = "Space Rescuer/Info.plist";
				INFOPLIST_KEY_LSApplicationCategoryType = "public.app-category.action-games";
				IPHONEOS_DEPLOYMENT_TARGET = 13.0;
				LD_RUNPATH_SEARCH_PATHS = (
					"$(inherited)",
					"@executable_path/Frameworks",
				);
				MARKETING_VERSION = 1.1;
				PRODUCT_BUNDLE_IDENTIFIER = "com.kurking.Space-Rescuer";
				PRODUCT_NAME = "$(TARGET_NAME)";
				PROVISIONING_PROFILE_SPECIFIER = "";
				SUPPORTED_PLATFORMS = "iphoneos iphonesimulator";
				SUPPORTS_MACCATALYST = NO;
				SUPPORTS_MAC_DESIGNED_FOR_IPHONE_IPAD = NO;
				SUPPORTS_XR_DESIGNED_FOR_IPHONE_IPAD = NO;
				SWIFT_VERSION = 5.0;
				TARGETED_DEVICE_FAMILY = 1;
			};
			name = Debug;
		};
		D25A365B26B58CE300410F06 /* Release */ = {
			isa = XCBuildConfiguration;
			baseConfigurationReference = 4CF776D00CE6F07736F9615D /* Pods-Space Rescuer.release.xcconfig */;
			buildSettings = {
				ASSETCATALOG_COMPILER_APPICON_NAME = AppIcon;
				ASSETCATALOG_COMPILER_GLOBAL_ACCENT_COLOR_NAME = AccentColor;
				CODE_SIGN_IDENTITY = "Apple Development";
				CODE_SIGN_STYLE = Automatic;
				CURRENT_PROJECT_VERSION = 1;
				DEVELOPMENT_TEAM = CUJ73BXL42;
				INFOPLIST_FILE = "Space Rescuer/Info.plist";
				INFOPLIST_KEY_LSApplicationCategoryType = "public.app-category.action-games";
				IPHONEOS_DEPLOYMENT_TARGET = 13.0;
				LD_RUNPATH_SEARCH_PATHS = (
					"$(inherited)",
					"@executable_path/Frameworks",
				);
				MARKETING_VERSION = 1.1;
				PRODUCT_BUNDLE_IDENTIFIER = "com.kurking.Space-Rescuer";
				PRODUCT_NAME = "$(TARGET_NAME)";
				PROVISIONING_PROFILE_SPECIFIER = "";
				SUPPORTED_PLATFORMS = "iphoneos iphonesimulator";
				SUPPORTS_MACCATALYST = NO;
				SUPPORTS_MAC_DESIGNED_FOR_IPHONE_IPAD = NO;
				SUPPORTS_XR_DESIGNED_FOR_IPHONE_IPAD = NO;
				SWIFT_VERSION = 5.0;
				TARGETED_DEVICE_FAMILY = 1;
			};
			name = Release;
		};
/* End XCBuildConfiguration section */

/* Begin XCConfigurationList section */
		D25A362926B58CE100410F06 /* Build configuration list for PBXProject "Space Rescuer" */ = {
			isa = XCConfigurationList;
			buildConfigurations = (
				D25A365726B58CE300410F06 /* Debug */,
				D25A365826B58CE300410F06 /* Release */,
			);
			defaultConfigurationIsVisible = 0;
			defaultConfigurationName = Release;
		};
		D25A365926B58CE300410F06 /* Build configuration list for PBXNativeTarget "Space Rescuer" */ = {
			isa = XCConfigurationList;
			buildConfigurations = (
				D25A365A26B58CE300410F06 /* Debug */,
				D25A365B26B58CE300410F06 /* Release */,
			);
			defaultConfigurationIsVisible = 0;
			defaultConfigurationName = Release;
		};
/* End XCConfigurationList section */
	};
	rootObject = D25A362626B58CE100410F06 /* Project object */;
}
